// !$*UTF8*$!
{
	archiveVersion = 1;
	classes = {
	};
	objectVersion = 46;
	objects = {

/* Begin PBXBuildFile section */
		AD255BC01C26763100D2F68D /* AppDelegate.swift in Sources */ = {isa = PBXBuildFile; fileRef = AD255BBF1C26763100D2F68D /* AppDelegate.swift */; };
		AD255BC21C26763100D2F68D /* ViewController.swift in Sources */ = {isa = PBXBuildFile; fileRef = AD255BC11C26763100D2F68D /* ViewController.swift */; };
		AD255BC51C26763100D2F68D /* Main.storyboard in Resources */ = {isa = PBXBuildFile; fileRef = AD255BC31C26763100D2F68D /* Main.storyboard */; };
		AD255BC71C26763100D2F68D /* Assets.xcassets in Resources */ = {isa = PBXBuildFile; fileRef = AD255BC61C26763100D2F68D /* Assets.xcassets */; };
		AD255BCA1C26763100D2F68D /* LaunchScreen.storyboard in Resources */ = {isa = PBXBuildFile; fileRef = AD255BC81C26763100D2F68D /* LaunchScreen.storyboard */; };
		AD255BD21C27701B00D2F68D /* Datos.swift in Sources */ = {isa = PBXBuildFile; fileRef = AD255BD11C27701B00D2F68D /* Datos.swift */; };
/* End PBXBuildFile section */

/* Begin PBXFileReference section */
		AD255BBC1C26763100D2F68D /* Hamburguesas.app */ = {isa = PBXFileReference; explicitFileType = wrapper.application; includeInIndex = 0; path = Hamburguesas.app; sourceTree = BUILT_PRODUCTS_DIR; };
		AD255BBF1C26763100D2F68D /* AppDelegate.swift */ = {isa = PBXFileReference; lastKnownFileType = sourcecode.swift; path = AppDelegate.swift; sourceTree = "<group>"; };
		AD255BC11C26763100D2F68D /* ViewController.swift */ = {isa = PBXFileReference; lastKnownFileType = sourcecode.swift; path = ViewController.swift; sourceTree = "<group>"; };
		AD255BC41C26763100D2F68D /* Base */ = {isa = PBXFileReference; lastKnownFileType = file.storyboard; name = Base; path = Base.lproj/Main.storyboard; sourceTree = "<group>"; };
		AD255BC61C26763100D2F68D /* Assets.xcassets */ = {isa = PBXFileReference; lastKnownFileType = folder.assetcatalog; path = Assets.xcassets; sourceTree = "<group>"; };
		AD255BC91C26763100D2F68D /* Base */ = {isa = PBXFileReference; lastKnownFileType = file.storyboard; name = Base; path = Base.lproj/LaunchScreen.storyboard; sourceTree = "<group>"; };
		AD255BCB1C26763100D2F68D /* Info.plist */ = {isa = PBXFileReference; lastKnownFileType = text.plist.xml; path = Info.plist; sourceTree = "<group>"; };
		AD255BD11C27701B00D2F68D /* Datos.swift */ = {isa = PBXFileReference; fileEncoding = 4; lastKnownFileType = sourcecode.swift; path = Datos.swift; sourceTree = "<group>"; };
/* End PBXFileReference section */

/* Begin PBXFrameworksBuildPhase section */
		AD255BB91C26763100D2F68D /* Frameworks */ = {
			isa = PBXFrameworksBuildPhase;
			buildActionMask = 2147483647;
			files = (
			);
			runOnlyForDeploymentPostprocessing = 0;
		};
/* End PBXFrameworksBuildPhase section */

/* Begin PBXGroup section */
		AD255BB31C26763100D2F68D = {
			isa = PBXGroup;
			children = (
				AD255BBE1C26763100D2F68D /* Hamburguesas */,
				AD255BBD1C26763100D2F68D /* Products */,
			);
			sourceTree = "<group>";
		};
		AD255BBD1C26763100D2F68D /* Products */ = {
			isa = PBXGroup;
			children = (
				AD255BBC1C26763100D2F68D /* Hamburguesas.app */,
			);
			name = Products;
			sourceTree = "<group>";
		};
		AD255BBE1C26763100D2F68D /* Hamburguesas */ = {
			isa = PBXGroup;
			children = (
				AD255BBF1C26763100D2F68D /* AppDelegate.swift */,
				AD255BC11C26763100D2F68D /* ViewController.swift */,
				AD255BC31C26763100D2F68D /* Main.storyboard */,
				AD255BC61C26763100D2F68D /* Assets.xcassets */,
				AD255BC81C26763100D2F68D /* LaunchScreen.storyboard */,
				AD255BCB1C26763100D2F68D /* Info.plist */,
				AD255BD11C27701B00D2F68D /* Datos.swift */,
			);
			path = Hamburguesas;
			sourceTree = "<group>";
		};
/* End PBXGroup section */

/* Begin PBXNativeTarget section */
		AD255BBB1C26763100D2F68D /* Hamburguesas */ = {
			isa = PBXNativeTarget;
			buildConfigurationList = AD255BCE1C26763100D2F68D /* Build configuration list for PBXNativeTarget "Hamburguesas" */;
			buildPhases = (
				AD255BB81C26763100D2F68D /* Sources */,
				AD255BB91C26763100D2F68D /* Frameworks */,
				AD255BBA1C26763100D2F68D /* Resources */,
			);
			buildRules = (
			);
			dependencies = (
			);
			name = Hamburguesas;
			productName = Hamburguesas;
			productReference = AD255BBC1C26763100D2F68D /* Hamburguesas.app */;
			productType = "com.apple.product-type.application";
		};
/* End PBXNativeTarget section */

/* Begin PBXProject section */
		AD255BB41C26763100D2F68D /* Project object */ = {
			isa = PBXProject;
			attributes = {
				LastSwiftUpdateCheck = 0710;
				LastUpgradeCheck = 0710;
				ORGANIZATIONNAME = "JUAN ANDRÉS CÁRDENAS DIAZ";
				TargetAttributes = {
					AD255BBB1C26763100D2F68D = {
						CreatedOnToolsVersion = 7.1.1;
					};
				};
			};
			buildConfigurationList = AD255BB71C26763100D2F68D /* Build configuration list for PBXProject "Hamburguesas" */;
			compatibilityVersion = "Xcode 3.2";
			developmentRegion = English;
			hasScannedForEncodings = 0;
			knownRegions = (
				en,
				Base,
			);
			mainGroup = AD255BB31C26763100D2F68D;
			productRefGroup = AD255BBD1C26763100D2F68D /* Products */;
			projectDirPath = "";
			projectRoot = "";
			targets = (
				AD255BBB1C26763100D2F68D /* Hamburguesas */,
			);
		};
/* End PBXProject section */

/* Begin PBXResourcesBuildPhase section */
		AD255BBA1C26763100D2F68D /* Resources */ = {
			isa = PBXResourcesBuildPhase;
			buildActionMask = 2147483647;
			files = (
				AD255BCA1C26763100D2F68D /* LaunchScreen.storyboard in Resources */,
				AD255BC71C26763100D2F68D /* Assets.xcassets in Resources */,
				AD255BC51C26763100D2F68D /* Main.storyboard in Resources */,
			);
			runOnlyForDeploymentPostprocessing = 0;
		};
/* End PBXResourcesBuildPhase section */

/* Begin PBXSourcesBuildPhase section */
		AD255BB81C26763100D2F68D /* Sources */ = {
			isa = PBXSourcesBuildPhase;
			buildActionMask = 2147483647;
			files = (
				AD255BC21C26763100D2F68D /* ViewController.swift in Sources */,
				AD255BC01C26763100D2F68D /* AppDelegate.swift in Sources */,
				AD255BD21C27701B00D2F68D /* Datos.swift in Sources */,
			);
			runOnlyForDeploymentPostprocessing = 0;
		};
/* End PBXSourcesBuildPhase section */

/* Begin PBXVariantGroup section */
		AD255BC31C26763100D2F68D /* Main.storyboard */ = {
			isa = PBXVariantGroup;
			children = (
				AD255BC41C26763100D2F68D /* Base */,
			);
			name = Main.storyboard;
			sourceTree = "<group>";
		};
		AD255BC81C26763100D2F68D /* LaunchScreen.storyboard */ = {
			isa = PBXVariantGroup;
			children = (
				AD255BC91C26763100D2F68D /* Base */,
			);
			name = LaunchScreen.storyboard;
			sourceTree = "<group>";
		};
/* End PBXVariantGroup section */

/* Begin XCBuildConfiguration section */
		AD255BCC1C26763100D2F68D /* Debug */ = {
			isa = XCBuildConfiguration;
			buildSettings = {
				ALWAYS_SEARCH_USER_PATHS = NO;
				CLANG_CXX_LANGUAGE_STANDARD = "gnu++0x";
				CLANG_CXX_LIBRARY = "libc++";
				CLANG_ENABLE_MODULES = YES;
				CLANG_ENABLE_OBJC_ARC = YES;
				CLANG_WARN_BOOL_CONVERSION = YES;
				CLANG_WARN_CONSTANT_CONVERSION = YES;
				CLANG_WARN_DIRECT_OBJC_ISA_USAGE = YES_ERROR;
				CLANG_WARN_EMPTY_BODY = YES;
				CLANG_WARN_ENUM_CONVERSION = YES;
				CLANG_WARN_INT_CONVERSION = YES;
				CLANG_WARN_OBJC_ROOT_CLASS = YES_ERROR;
				CLANG_WARN_UNREACHABLE_CODE = YES;
				CLANG_WARN__DUPLICATE_METHOD_MATCH = YES;
				"CODE_SIGN_IDENTITY[sdk=iphoneos*]" = "iPhone Developer";
				COPY_PHASE_STRIP = NO;
				DEBUG_INFORMATION_FORMAT = dwarf;
				ENABLE_STRICT_OBJC_MSGSEND = YES;
				ENABLE_TESTABILITY = YES;
				GCC_C_LANGUAGE_STANDARD = gnu99;
				GCC_DYNAMIC_NO_PIC = NO;
				GCC_NO_COMMON_BLOCKS = YES;
				GCC_OPTIMIZATION_LEVEL = 0;
				GCC_PREPROCESSOR_DEFINITIONS = (
					"DEBUG=1",
					"$(inherited)",
				);
				GCC_WARN_64_TO_32_BIT_CONVERSION = YES;
				GCC_WARN_ABOUT_RETURN_TYPE = YES_ERROR;
				GCC_WARN_UNDECLARED_SELECTOR = YES;
				GCC_WARN_UNINITIALIZED_AUTOS = YES_AGGRESSIVE;
				GCC_WARN_UNUSED_FUNCTION = YES;
				GCC_WARN_UNUSED_VARIABLE = YES;
				IPHONEOS_DEPLOYMENT_TARGET = 9.1;
				MTL_ENABLE_DEBUG_INFO = YES;
				ONLY_ACTIVE_ARCH = YES;
				SDKROOT = iphoneos;
				SWIFT_OPTIMIZATION_LEVEL = "-Onone";
			};
			name = Debug;
		};
		AD255BCD1C26763100D2F68D /* Release */ = {
			isa = XCBuildConfiguration;
			buildSettings = {
				ALWAYS_SEARCH_USER_PATHS = NO;
				CLANG_CXX_LANGUAGE_STANDARD = "gnu++0x";
				CLANG_CXX_LIBRARY = "libc++";
				CLANG_ENABLE_MODULES = YES;
				CLANG_ENABLE_OBJC_ARC = YES;
				CLANG_WARN_BOOL_CONVERSION = YES;
				CLANG_WARN_CONSTANT_CONVERSION = YES;
				CLANG_WARN_DIRECT_OBJC_ISA_USAGE = YES_ERROR;
				CLANG_WARN_EMPTY_BODY = YES;
				CLANG_WARN_ENUM_CONVERSION = YES;
				CLANG_WARN_INT_CONVERSION = YES;
				CLANG_WARN_OBJC_ROOT_CLASS = YES_ERROR;
				CLANG_WARN_UNREACHABLE_CODE = YES;
				CLANG_WARN__DUPLICATE_METHOD_MATCH = YES;
				"CODE_SIGN_IDENTITY[sdk=iphoneos*]" = "iPhone Developer";
				COPY_PHASE_STRIP = NO;
				DEBUG_INFORMATION_FORMAT = "dwarf-with-dsym";
				ENABLE_NS_ASSERTIONS = NO;
				ENABLE_STRICT_OBJC_MSGSEND = YES;
				GCC_C_LANGUAGE_STANDARD = gnu99;
				GCC_NO_COMMON_BLOCKS = YES;
				GCC_WARN_64_TO_32_BIT_CONVERSION = YES;
				GCC_WARN_ABOUT_RETURN_TYPE = YES_ERROR;
				GCC_WARN_UNDECLARED_SELECTOR = YES;
				GCC_WARN_UNINITIALIZED_AUTOS = YES_AGGRESSIVE;
				GCC_WARN_UNUSED_FUNCTION = YES;
				GCC_WARN_UNUSED_VARIABLE = YES;
				IPHONEOS_DEPLOYMENT_TARGET = 9.1;
				MTL_ENABLE_DEBUG_INFO = NO;
				SDKROOT = iphoneos;
				VALIDATE_PRODUCT = YES;
			};
			name = Release;
		};
		AD255BCF1C26763100D2F68D /* Debug */ = {
			isa = XCBuildConfiguration;
			buildSettings = {
				ASSETCATALOG_COMPILER_APPICON_NAME = AppIcon;
				INFOPLIST_FILE = Hamburguesas/Info.plist;
				LD_RUNPATH_SEARCH_PATHS = "$(inherited) @executable_path/Frameworks";
				PRODUCT_BUNDLE_IDENTIFIER = com.juancadi.ios.test.Hamburguesas;
				PRODUCT_NAME = "$(TARGET_NAME)";
			};
			name = Debug;
		};
		AD255BD01C26763100D2F68D /* Release */ = {
			isa = XCBuildConfiguration;
			buildSettings = {
				ASSETCATALOG_COMPILER_APPICON_NAME = AppIcon;
				INFOPLIST_FILE = Hamburguesas/Info.plist;
				LD_RUNPATH_SEARCH_PATHS = "$(inherited) @executable_path/Frameworks";
				PRODUCT_BUNDLE_IDENTIFIER = com.juancadi.ios.test.Hamburguesas;
				PRODUCT_NAME = "$(TARGET_NAME)";
			};
			name = Release;
		};
/* End XCBuildConfiguration section */

/* Begin XCConfigurationList section */
		AD255BB71C26763100D2F68D /* Build configuration list for PBXProject "Hamburguesas" */ = {
			isa = XCConfigurationList;
			buildConfigurations = (
				AD255BCC1C26763100D2F68D /* Debug */,
				AD255BCD1C26763100D2F68D /* Release */,
			);
			defaultConfigurationIsVisible = 0;
			defaultConfigurationName = Release;
		};
		AD255BCE1C26763100D2F68D /* Build configuration list for PBXNativeTarget "Hamburguesas" */ = {
			isa = XCConfigurationList;
			buildConfigurations = (
				AD255BCF1C26763100D2F68D /* Debug */,
				AD255BD01C26763100D2F68D /* Release */,
			);
			defaultConfigurationIsVisible = 0;
		};
/* End XCConfigurationList section */
	};
	rootObject = AD255BB41C26763100D2F68D /* Project object */;
}
